dependencies:
- name: elasticsearch
  repository: https://helm.elastic.co
  version: 8.5.1
- name: kibana
  repository: https://helm.elastic.co
  version: 8.5.1
- name: logstash
  repository: https://helm.elastic.co
  version: 8.5.1
- name: metricbeat
  repository: https://helm.elastic.co
  version: 8.5.1
digest: sha256:3c6c25f9fbae452940a1840cbec18a869887eab5f07e8d9c98d63486b1c5db55
generated: "2022-11-21T11:52:43.949057932+05:30"
